
Microsoft Visual Studio Solution File, Format Version 12.00
# Visual Studio Version 17
VisualStudioVersion = 17.7.34031.279
MinimumVisualStudioVersion = 10.0.40219.1
Project("{FAE04EC0-301F-11D3-BF4B-00C04F79EFBC}") = "Lab13", "Lab13.csproj", "{A6E1D284-D7C8-4014-BD90-472C33B65659}"
EndProject
Global
	GlobalSection(SolutionConfigurationPlatforms) = preSolution
		Debug|Any CPU = Debug|Any CPU
		Release|Any CPU = Release|Any CPU
	EndGlobalSection
	GlobalSection(ProjectConfigurationPlatforms) = postSolution
		{A6E1D284-D7C8-4014-BD90-472C33B65659}.Debug|Any CPU.ActiveCfg = Debug|Any CPU
		{A6E1D284-D7C8-4014-BD90-472C33B65659}.Debug|Any CPU.Build.0 = Debug|Any CPU
		{A6E1D284-D7C8-4014-BD90-472C33B65659}.Release|Any CPU.ActiveCfg = Release|Any CPU
		{A6E1D284-D7C8-4014-BD90-472C33B65659}.Release|Any CPU.Build.0 = Release|Any CPU
	EndGlobalSection
	GlobalSection(SolutionProperties) = preSolution
		HideSolutionNode = FALSE
	EndGlobalSection
	GlobalSection(ExtensibilityGlobals) = postSolution
		SolutionGuid = {AAA970BD-EAA5-4EF1-82CD-86399E07A455}
	EndGlobalSection
EndGlobal
